
Microsoft Visual Studio Solution File, Format Version 12.00
# Visual Studio Version 17
VisualStudioVersion = 17.8.34316.72
MinimumVisualStudioVersion = 10.0.40219.1
Project("{9A19103F-16F7-4668-BE54-9A1E7A4F7556}") = "CarRentalCompany.Domain", "CarRentalCompany.Domain\CarRentalCompany.Domain.csproj", "{FB595BC7-20E2-4F0A-ACA3-9F7C48CF848F}"
EndProject
Project("{9A19103F-16F7-4668-BE54-9A1E7A4F7556}") = "CarRentalCompany.Application", "CarRentalCompany.Application\CarRentalCompany.Application.csproj", "{277B5B62-7CAD-4113-85FA-6A89E77B7F76}"
EndProject
Project("{9A19103F-16F7-4668-BE54-9A1E7A4F7556}") = "CarRentalCompany.Presentation", "CarRentalCompany.Presentation\CarRentalCompany.Presentation.csproj", "{54928DD9-28E2-4E33-A45D-EBFA938D0ED8}"
	ProjectSection(ProjectDependencies) = postProject
		{277B5B62-7CAD-4113-85FA-6A89E77B7F76} = {277B5B62-7CAD-4113-85FA-6A89E77B7F76}
	EndProjectSection
EndProject
Project("{9A19103F-16F7-4668-BE54-9A1E7A4F7556}") = "CarRentalCompany.Strategies", "CarRentalCompany.Strategies\CarRentalCompany.Strategies.csproj", "{F0EB7F0F-6731-4331-8AE4-8BCB9EC86E41}"
EndProject
Project("{FAE04EC0-301F-11D3-BF4B-00C04F79EFBC}") = "CarRentalCompany.Infrastructure", "CarRentalCompany.Infrastructure\CarRentalCompany.Infrastructure.csproj", "{B09BAFEB-A1DC-4440-B7D7-88C415B4F8AE}"
EndProject
Global
	GlobalSection(SolutionConfigurationPlatforms) = preSolution
		Debug|Any CPU = Debug|Any CPU
		Release|Any CPU = Release|Any CPU
	EndGlobalSection
	GlobalSection(ProjectConfigurationPlatforms) = postSolution
		{FB595BC7-20E2-4F0A-ACA3-9F7C48CF848F}.Debug|Any CPU.ActiveCfg = Debug|Any CPU
		{FB595BC7-20E2-4F0A-ACA3-9F7C48CF848F}.Debug|Any CPU.Build.0 = Debug|Any CPU
		{FB595BC7-20E2-4F0A-ACA3-9F7C48CF848F}.Release|Any CPU.ActiveCfg = Release|Any CPU
		{FB595BC7-20E2-4F0A-ACA3-9F7C48CF848F}.Release|Any CPU.Build.0 = Release|Any CPU
		{277B5B62-7CAD-4113-85FA-6A89E77B7F76}.Debug|Any CPU.ActiveCfg = Debug|Any CPU
		{277B5B62-7CAD-4113-85FA-6A89E77B7F76}.Debug|Any CPU.Build.0 = Debug|Any CPU
		{277B5B62-7CAD-4113-85FA-6A89E77B7F76}.Release|Any CPU.ActiveCfg = Release|Any CPU
		{277B5B62-7CAD-4113-85FA-6A89E77B7F76}.Release|Any CPU.Build.0 = Release|Any CPU
		{54928DD9-28E2-4E33-A45D-EBFA938D0ED8}.Debug|Any CPU.ActiveCfg = Debug|Any CPU
		{54928DD9-28E2-4E33-A45D-EBFA938D0ED8}.Debug|Any CPU.Build.0 = Debug|Any CPU
		{54928DD9-28E2-4E33-A45D-EBFA938D0ED8}.Release|Any CPU.ActiveCfg = Release|Any CPU
		{54928DD9-28E2-4E33-A45D-EBFA938D0ED8}.Release|Any CPU.Build.0 = Release|Any CPU
		{F0EB7F0F-6731-4331-8AE4-8BCB9EC86E41}.Debug|Any CPU.ActiveCfg = Debug|Any CPU
		{F0EB7F0F-6731-4331-8AE4-8BCB9EC86E41}.Debug|Any CPU.Build.0 = Debug|Any CPU
		{F0EB7F0F-6731-4331-8AE4-8BCB9EC86E41}.Release|Any CPU.ActiveCfg = Release|Any CPU
		{F0EB7F0F-6731-4331-8AE4-8BCB9EC86E41}.Release|Any CPU.Build.0 = Release|Any CPU
		{B09BAFEB-A1DC-4440-B7D7-88C415B4F8AE}.Debug|Any CPU.ActiveCfg = Debug|Any CPU
		{B09BAFEB-A1DC-4440-B7D7-88C415B4F8AE}.Debug|Any CPU.Build.0 = Debug|Any CPU
		{B09BAFEB-A1DC-4440-B7D7-88C415B4F8AE}.Release|Any CPU.ActiveCfg = Release|Any CPU
		{B09BAFEB-A1DC-4440-B7D7-88C415B4F8AE}.Release|Any CPU.Build.0 = Release|Any CPU
	EndGlobalSection
	GlobalSection(SolutionProperties) = preSolution
		HideSolutionNode = FALSE
	EndGlobalSection
	GlobalSection(ExtensibilityGlobals) = postSolution
		SolutionGuid = {3550118C-7C21-45DB-8F5C-12B30ABC0055}
	EndGlobalSection
EndGlobal
