
Microsoft Visual Studio Solution File, Format Version 12.00
# Visual Studio Version 17
VisualStudioVersion = 17.8.34316.72
MinimumVisualStudioVersion = 10.0.40219.1
Project("{9A19103F-16F7-4668-BE54-9A1E7A4F7556}") = "CarRentalCompany.Domain", "Backend\CarRentalCompany.Domain\CarRentalCompany.Domain.csproj", "{FB595BC7-20E2-4F0A-ACA3-9F7C48CF848F}"
EndProject
Project("{9A19103F-16F7-4668-BE54-9A1E7A4F7556}") = "CarRentalCompany.Infrastructure", "Backend\CarRentalCompany.Infrastructure\CarRentalCompany.Infrastructure.csproj", "{B09BAFEB-A1DC-4440-B7D7-88C415B4F8AE}"
EndProject
Project("{9A19103F-16F7-4668-BE54-9A1E7A4F7556}") = "CarRentalCompany.API", "Backend\CarRentalCompany.API\CarRentalCompany.API.csproj", "{CC2C83DD-5277-4FF7-9251-93B9E446BBCD}"
EndProject
Project("{9A19103F-16F7-4668-BE54-9A1E7A4F7556}") = "CarRentalCompany.Integration", "Backend\CarRentalCompany.Integration\CarRentalCompany.Integration.csproj", "{1C5716F7-BD0C-44B2-9536-A2EE24B8ED8E}"
EndProject
Project("{9A19103F-16F7-4668-BE54-9A1E7A4F7556}") = "CarRentalCompany.Integration.Mercedes", "Backend\CarRentalCompany.Integration.Mercedes\CarRentalCompany.Integration.Mercedes.csproj", "{90B41CAB-8E1D-44F3-96FF-940605F6DF77}"
EndProject
Project("{9A19103F-16F7-4668-BE54-9A1E7A4F7556}") = "CarRentalCompany.Integration.Volvo", "Backend\CarRentalCompany.Integration.Volvo\CarRentalCompany.Integration.Volvo.csproj", "{EEFDA0A6-6735-4A43-88EE-208876673302}"
EndProject
Project("{9A19103F-16F7-4668-BE54-9A1E7A4F7556}") = "CarRentalCompany.Integration.Porsche", "Backend\CarRentalCompany.Integration.Porsche\CarRentalCompany.Integration.Porsche.csproj", "{22F370D0-BE41-4B52-87A3-BCB0B8245BA8}"
EndProject
Project("{9A19103F-16F7-4668-BE54-9A1E7A4F7556}") = "CarRentalCompany.Application", "Backend\CarRentalCompany.Application\CarRentalCompany.Application.csproj", "{6B27006E-5EF5-463E-A552-32DA4B0D3EFB}"
EndProject
Project("{2150E333-8FDC-42A3-9474-1A3956D46DE8}") = "Backend", "Backend", "{0005687C-9CD0-4BEB-9130-61CFE672F122}"
EndProject
Project("{2150E333-8FDC-42A3-9474-1A3956D46DE8}") = "Core", "Core", "{5C97DA55-EBBA-4CCC-8F77-19FA3D615DED}"
EndProject
Project("{9A19103F-16F7-4668-BE54-9A1E7A4F7556}") = "CarRentalCompany.Core.Dto", "Core\CarRentalCompany.Core.Dto\CarRentalCompany.Core.Dto.csproj", "{AFF09BD1-230F-4FAE-A845-FEB7B4354F3B}"
EndProject
Project("{2150E333-8FDC-42A3-9474-1A3956D46DE8}") = "Frontend", "Frontend", "{B1BF792C-60C6-4676-B7CE-5F81AB2E18CA}"
EndProject
Project("{9A19103F-16F7-4668-BE54-9A1E7A4F7556}") = "CarRentalCompany.Frontend.DataAccess", "Frontend\CarRentalCompany.Frontend.DataAccess\CarRentalCompany.Frontend.DataAccess.csproj", "{4F165029-BADE-48B6-902B-260789E0E8F8}"
EndProject
Project("{9A19103F-16F7-4668-BE54-9A1E7A4F7556}") = "CarRentalCompany.Frontend.Domain", "Frontend\CarRentalCompany.Frontend.Domain\CarRentalCompany.Frontend.Domain.csproj", "{AEF8BC23-AB79-4751-96D9-0C177A2544D5}"
EndProject
Project("{FAE04EC0-301F-11D3-BF4B-00C04F79EFBC}") = "CarRentalCompany.Frontend.Presentation", "Frontend\CarRentalCompany.Frontend.Presentation\CarRentalCompany.Frontend.Presentation.csproj", "{F9EF420F-2B61-4419-83A8-35548220E623}"
EndProject
Global
	GlobalSection(SolutionConfigurationPlatforms) = preSolution
		Debug|Any CPU = Debug|Any CPU
		Release|Any CPU = Release|Any CPU
	EndGlobalSection
	GlobalSection(ProjectConfigurationPlatforms) = postSolution
		{FB595BC7-20E2-4F0A-ACA3-9F7C48CF848F}.Debug|Any CPU.ActiveCfg = Debug|Any CPU
		{FB595BC7-20E2-4F0A-ACA3-9F7C48CF848F}.Debug|Any CPU.Build.0 = Debug|Any CPU
		{FB595BC7-20E2-4F0A-ACA3-9F7C48CF848F}.Release|Any CPU.ActiveCfg = Release|Any CPU
		{FB595BC7-20E2-4F0A-ACA3-9F7C48CF848F}.Release|Any CPU.Build.0 = Release|Any CPU
		{B09BAFEB-A1DC-4440-B7D7-88C415B4F8AE}.Debug|Any CPU.ActiveCfg = Debug|Any CPU
		{B09BAFEB-A1DC-4440-B7D7-88C415B4F8AE}.Debug|Any CPU.Build.0 = Debug|Any CPU
		{B09BAFEB-A1DC-4440-B7D7-88C415B4F8AE}.Release|Any CPU.ActiveCfg = Release|Any CPU
		{B09BAFEB-A1DC-4440-B7D7-88C415B4F8AE}.Release|Any CPU.Build.0 = Release|Any CPU
		{CC2C83DD-5277-4FF7-9251-93B9E446BBCD}.Debug|Any CPU.ActiveCfg = Debug|Any CPU
		{CC2C83DD-5277-4FF7-9251-93B9E446BBCD}.Debug|Any CPU.Build.0 = Debug|Any CPU
		{CC2C83DD-5277-4FF7-9251-93B9E446BBCD}.Release|Any CPU.ActiveCfg = Release|Any CPU
		{CC2C83DD-5277-4FF7-9251-93B9E446BBCD}.Release|Any CPU.Build.0 = Release|Any CPU
		{1C5716F7-BD0C-44B2-9536-A2EE24B8ED8E}.Debug|Any CPU.ActiveCfg = Debug|Any CPU
		{1C5716F7-BD0C-44B2-9536-A2EE24B8ED8E}.Debug|Any CPU.Build.0 = Debug|Any CPU
		{1C5716F7-BD0C-44B2-9536-A2EE24B8ED8E}.Release|Any CPU.ActiveCfg = Release|Any CPU
		{1C5716F7-BD0C-44B2-9536-A2EE24B8ED8E}.Release|Any CPU.Build.0 = Release|Any CPU
		{90B41CAB-8E1D-44F3-96FF-940605F6DF77}.Debug|Any CPU.ActiveCfg = Debug|Any CPU
		{90B41CAB-8E1D-44F3-96FF-940605F6DF77}.Debug|Any CPU.Build.0 = Debug|Any CPU
		{90B41CAB-8E1D-44F3-96FF-940605F6DF77}.Release|Any CPU.ActiveCfg = Release|Any CPU
		{90B41CAB-8E1D-44F3-96FF-940605F6DF77}.Release|Any CPU.Build.0 = Release|Any CPU
		{EEFDA0A6-6735-4A43-88EE-208876673302}.Debug|Any CPU.ActiveCfg = Debug|Any CPU
		{EEFDA0A6-6735-4A43-88EE-208876673302}.Debug|Any CPU.Build.0 = Debug|Any CPU
		{EEFDA0A6-6735-4A43-88EE-208876673302}.Release|Any CPU.ActiveCfg = Release|Any CPU
		{EEFDA0A6-6735-4A43-88EE-208876673302}.Release|Any CPU.Build.0 = Release|Any CPU
		{22F370D0-BE41-4B52-87A3-BCB0B8245BA8}.Debug|Any CPU.ActiveCfg = Debug|Any CPU
		{22F370D0-BE41-4B52-87A3-BCB0B8245BA8}.Debug|Any CPU.Build.0 = Debug|Any CPU
		{22F370D0-BE41-4B52-87A3-BCB0B8245BA8}.Release|Any CPU.ActiveCfg = Release|Any CPU
		{22F370D0-BE41-4B52-87A3-BCB0B8245BA8}.Release|Any CPU.Build.0 = Release|Any CPU
		{6B27006E-5EF5-463E-A552-32DA4B0D3EFB}.Debug|Any CPU.ActiveCfg = Debug|Any CPU
		{6B27006E-5EF5-463E-A552-32DA4B0D3EFB}.Debug|Any CPU.Build.0 = Debug|Any CPU
		{6B27006E-5EF5-463E-A552-32DA4B0D3EFB}.Release|Any CPU.ActiveCfg = Release|Any CPU
		{6B27006E-5EF5-463E-A552-32DA4B0D3EFB}.Release|Any CPU.Build.0 = Release|Any CPU
		{AFF09BD1-230F-4FAE-A845-FEB7B4354F3B}.Debug|Any CPU.ActiveCfg = Debug|Any CPU
		{AFF09BD1-230F-4FAE-A845-FEB7B4354F3B}.Debug|Any CPU.Build.0 = Debug|Any CPU
		{AFF09BD1-230F-4FAE-A845-FEB7B4354F3B}.Release|Any CPU.ActiveCfg = Release|Any CPU
		{AFF09BD1-230F-4FAE-A845-FEB7B4354F3B}.Release|Any CPU.Build.0 = Release|Any CPU
		{4F165029-BADE-48B6-902B-260789E0E8F8}.Debug|Any CPU.ActiveCfg = Debug|Any CPU
		{4F165029-BADE-48B6-902B-260789E0E8F8}.Debug|Any CPU.Build.0 = Debug|Any CPU
		{4F165029-BADE-48B6-902B-260789E0E8F8}.Release|Any CPU.ActiveCfg = Release|Any CPU
		{4F165029-BADE-48B6-902B-260789E0E8F8}.Release|Any CPU.Build.0 = Release|Any CPU
		{AEF8BC23-AB79-4751-96D9-0C177A2544D5}.Debug|Any CPU.ActiveCfg = Debug|Any CPU
		{AEF8BC23-AB79-4751-96D9-0C177A2544D5}.Debug|Any CPU.Build.0 = Debug|Any CPU
		{AEF8BC23-AB79-4751-96D9-0C177A2544D5}.Release|Any CPU.ActiveCfg = Release|Any CPU
		{AEF8BC23-AB79-4751-96D9-0C177A2544D5}.Release|Any CPU.Build.0 = Release|Any CPU
		{F9EF420F-2B61-4419-83A8-35548220E623}.Debug|Any CPU.ActiveCfg = Debug|Any CPU
		{F9EF420F-2B61-4419-83A8-35548220E623}.Debug|Any CPU.Build.0 = Debug|Any CPU
		{F9EF420F-2B61-4419-83A8-35548220E623}.Release|Any CPU.ActiveCfg = Release|Any CPU
		{F9EF420F-2B61-4419-83A8-35548220E623}.Release|Any CPU.Build.0 = Release|Any CPU
	EndGlobalSection
	GlobalSection(SolutionProperties) = preSolution
		HideSolutionNode = FALSE
	EndGlobalSection
	GlobalSection(NestedProjects) = preSolution
		{FB595BC7-20E2-4F0A-ACA3-9F7C48CF848F} = {0005687C-9CD0-4BEB-9130-61CFE672F122}
		{B09BAFEB-A1DC-4440-B7D7-88C415B4F8AE} = {0005687C-9CD0-4BEB-9130-61CFE672F122}
		{CC2C83DD-5277-4FF7-9251-93B9E446BBCD} = {0005687C-9CD0-4BEB-9130-61CFE672F122}
		{1C5716F7-BD0C-44B2-9536-A2EE24B8ED8E} = {0005687C-9CD0-4BEB-9130-61CFE672F122}
		{90B41CAB-8E1D-44F3-96FF-940605F6DF77} = {0005687C-9CD0-4BEB-9130-61CFE672F122}
		{EEFDA0A6-6735-4A43-88EE-208876673302} = {0005687C-9CD0-4BEB-9130-61CFE672F122}
		{22F370D0-BE41-4B52-87A3-BCB0B8245BA8} = {0005687C-9CD0-4BEB-9130-61CFE672F122}
		{6B27006E-5EF5-463E-A552-32DA4B0D3EFB} = {0005687C-9CD0-4BEB-9130-61CFE672F122}
		{AFF09BD1-230F-4FAE-A845-FEB7B4354F3B} = {5C97DA55-EBBA-4CCC-8F77-19FA3D615DED}
		{4F165029-BADE-48B6-902B-260789E0E8F8} = {B1BF792C-60C6-4676-B7CE-5F81AB2E18CA}
		{AEF8BC23-AB79-4751-96D9-0C177A2544D5} = {B1BF792C-60C6-4676-B7CE-5F81AB2E18CA}
		{F9EF420F-2B61-4419-83A8-35548220E623} = {B1BF792C-60C6-4676-B7CE-5F81AB2E18CA}
	EndGlobalSection
	GlobalSection(ExtensibilityGlobals) = postSolution
		SolutionGuid = {3550118C-7C21-45DB-8F5C-12B30ABC0055}
	EndGlobalSection
EndGlobal
