
Microsoft Visual Studio Solution File, Format Version 12.00
# Visual Studio Version 17
VisualStudioVersion = 17.8.34316.72
MinimumVisualStudioVersion = 10.0.40219.1
Project("{2150E333-8FDC-42A3-9474-1A3956D46DE8}") = "Core", "Core", "{A254B88E-2BDB-4D27-A48A-6FF5A9BFB485}"
EndProject
Project("{9A19103F-16F7-4668-BE54-9A1E7A4F7556}") = "CarRentalCompany.Core.Dto", "Core\CarRentalCompany.Core.Dto\CarRentalCompany.Core.Dto.csproj", "{BD602FAA-87D6-4205-8757-D593717F6666}"
EndProject
Project("{9A19103F-16F7-4668-BE54-9A1E7A4F7556}") = "CarRentalCompany.Frontend.DataAccess", "Frontend\CarRentalCompany.Frontend.DataAccess\CarRentalCompany.Frontend.DataAccess.csproj", "{763FBDA2-D7AB-4714-A38C-7E785EB705BF}"
EndProject
Project("{9A19103F-16F7-4668-BE54-9A1E7A4F7556}") = "CarRentalCompany.Frontend.Domain", "Frontend\CarRentalCompany.Frontend.Domain\CarRentalCompany.Frontend.Domain.csproj", "{FE093B10-4728-4C96-92A9-B1727F6260B6}"
EndProject
Project("{9A19103F-16F7-4668-BE54-9A1E7A4F7556}") = "CarRentalCompany.Frontend.Presentation", "Frontend\CarRentalCompany.Frontend.Presentation\CarRentalCompany.Frontend.Presentation.csproj", "{B7C694CD-27E7-4897-A6A1-8F55CF0550F7}"
EndProject
Global
	GlobalSection(SolutionConfigurationPlatforms) = preSolution
		Debug|Any CPU = Debug|Any CPU
		Release|Any CPU = Release|Any CPU
	EndGlobalSection
	GlobalSection(ProjectConfigurationPlatforms) = postSolution
		{BD602FAA-87D6-4205-8757-D593717F6666}.Debug|Any CPU.ActiveCfg = Debug|Any CPU
		{BD602FAA-87D6-4205-8757-D593717F6666}.Debug|Any CPU.Build.0 = Debug|Any CPU
		{BD602FAA-87D6-4205-8757-D593717F6666}.Release|Any CPU.ActiveCfg = Release|Any CPU
		{BD602FAA-87D6-4205-8757-D593717F6666}.Release|Any CPU.Build.0 = Release|Any CPU
		{763FBDA2-D7AB-4714-A38C-7E785EB705BF}.Debug|Any CPU.ActiveCfg = Debug|Any CPU
		{763FBDA2-D7AB-4714-A38C-7E785EB705BF}.Debug|Any CPU.Build.0 = Debug|Any CPU
		{763FBDA2-D7AB-4714-A38C-7E785EB705BF}.Release|Any CPU.ActiveCfg = Release|Any CPU
		{763FBDA2-D7AB-4714-A38C-7E785EB705BF}.Release|Any CPU.Build.0 = Release|Any CPU
		{FE093B10-4728-4C96-92A9-B1727F6260B6}.Debug|Any CPU.ActiveCfg = Debug|Any CPU
		{FE093B10-4728-4C96-92A9-B1727F6260B6}.Debug|Any CPU.Build.0 = Debug|Any CPU
		{FE093B10-4728-4C96-92A9-B1727F6260B6}.Release|Any CPU.ActiveCfg = Release|Any CPU
		{FE093B10-4728-4C96-92A9-B1727F6260B6}.Release|Any CPU.Build.0 = Release|Any CPU
		{B7C694CD-27E7-4897-A6A1-8F55CF0550F7}.Debug|Any CPU.ActiveCfg = Debug|Any CPU
		{B7C694CD-27E7-4897-A6A1-8F55CF0550F7}.Debug|Any CPU.Build.0 = Debug|Any CPU
		{B7C694CD-27E7-4897-A6A1-8F55CF0550F7}.Release|Any CPU.ActiveCfg = Release|Any CPU
		{B7C694CD-27E7-4897-A6A1-8F55CF0550F7}.Release|Any CPU.Build.0 = Release|Any CPU
	EndGlobalSection
	GlobalSection(SolutionProperties) = preSolution
		HideSolutionNode = FALSE
	EndGlobalSection
	GlobalSection(NestedProjects) = preSolution
		{BD602FAA-87D6-4205-8757-D593717F6666} = {A254B88E-2BDB-4D27-A48A-6FF5A9BFB485}
	EndGlobalSection
	GlobalSection(ExtensibilityGlobals) = postSolution
		SolutionGuid = {C6D05A5A-3862-43FF-B0B0-5D809524C286}
	EndGlobalSection
EndGlobal
